// !$*UTF8*$!
{
	archiveVersion = 1;
	classes = {
	};
	objectVersion = 56;
	objects = {

/* Begin PBXBuildFile section */
		10A000000000000000000101 /* MDCSenderiOSApp.swift in Sources */ = {isa = PBXBuildFile; fileRef = 10A000000000000000000001 /* MDCSenderiOSApp.swift */; };
		10A000000000000000000102 /* DisplaySettings.swift in Sources */ = {isa = PBXBuildFile; fileRef = 10A000000000000000000002 /* DisplaySettings.swift */; };
		10A000000000000000000103 /* SenderModel.swift in Sources */ = {isa = PBXBuildFile; fileRef = 10A000000000000000000003 /* SenderModel.swift */; };
		10A000000000000000000104 /* DesignSystem.swift in Sources */ = {isa = PBXBuildFile; fileRef = 10A000000000000000000004 /* DesignSystem.swift */; };
		10A000000000000000000105 /* SenderView.swift in Sources */ = {isa = PBXBuildFile; fileRef = 10A000000000000000000005 /* SenderView.swift */; };
		10A000000000000000000106 /* SettingsView.swift in Sources */ = {isa = PBXBuildFile; fileRef = 10A000000000000000000006 /* SettingsView.swift */; };
		10A000000000000000000107 /* ImageRenderer.swift in Sources */ = {isa = PBXBuildFile; fileRef = 10A000000000000000000007 /* ImageRenderer.swift */; };
		10A000000000000000000108 /* Manifest.swift in Sources */ = {isa = PBXBuildFile; fileRef = 10A000000000000000000008 /* Manifest.swift */; };
		10A000000000000000000109 /* LocalContentServer.swift in Sources */ = {isa = PBXBuildFile; fileRef = 10A000000000000000000009 /* LocalContentServer.swift */; };
		10A00000000000000000010A /* LocalNetwork.swift in Sources */ = {isa = PBXBuildFile; fileRef = 10A00000000000000000000A /* LocalNetwork.swift */; };
		10A00000000000000000010B /* MDCClient.swift in Sources */ = {isa = PBXBuildFile; fileRef = 10A00000000000000000000B /* MDCClient.swift */; };
		10A00000000000000000010C /* WakeOnLAN.swift in Sources */ = {isa = PBXBuildFile; fileRef = 10A00000000000000000000C /* WakeOnLAN.swift */; };
		10A00000000000000000010D /* Assets.xcassets in Resources */ = {isa = PBXBuildFile; fileRef = 10A00000000000000000000D /* Assets.xcassets */; };
/* End PBXBuildFile section */

/* Begin PBXFileReference section */
		10A000000000000000000001 /* MDCSenderiOSApp.swift */ = {isa = PBXFileReference; lastKnownFileType = sourcecode.swift; path = MDCSenderiOSApp.swift; sourceTree = "<group>"; };
		10A000000000000000000002 /* DisplaySettings.swift */ = {isa = PBXFileReference; lastKnownFileType = sourcecode.swift; path = DisplaySettings.swift; sourceTree = "<group>"; };
		10A000000000000000000003 /* SenderModel.swift */ = {isa = PBXFileReference; lastKnownFileType = sourcecode.swift; path = SenderModel.swift; sourceTree = "<group>"; };
		10A000000000000000000004 /* DesignSystem.swift */ = {isa = PBXFileReference; lastKnownFileType = sourcecode.swift; path = DesignSystem.swift; sourceTree = "<group>"; };
		10A000000000000000000005 /* SenderView.swift */ = {isa = PBXFileReference; lastKnownFileType = sourcecode.swift; path = SenderView.swift; sourceTree = "<group>"; };
		10A000000000000000000006 /* SettingsView.swift */ = {isa = PBXFileReference; lastKnownFileType = sourcecode.swift; path = SettingsView.swift; sourceTree = "<group>"; };
		10A000000000000000000007 /* ImageRenderer.swift */ = {isa = PBXFileReference; lastKnownFileType = sourcecode.swift; path = ImageRenderer.swift; sourceTree = "<group>"; };
		10A000000000000000000008 /* Manifest.swift */ = {isa = PBXFileReference; lastKnownFileType = sourcecode.swift; path = Manifest.swift; sourceTree = "<group>"; };
		10A000000000000000000009 /* LocalContentServer.swift */ = {isa = PBXFileReference; lastKnownFileType = sourcecode.swift; path = LocalContentServer.swift; sourceTree = "<group>"; };
		10A00000000000000000000A /* LocalNetwork.swift */ = {isa = PBXFileReference; lastKnownFileType = sourcecode.swift; path = LocalNetwork.swift; sourceTree = "<group>"; };
		10A00000000000000000000B /* MDCClient.swift */ = {isa = PBXFileReference; lastKnownFileType = sourcecode.swift; path = MDCClient.swift; sourceTree = "<group>"; };
		10A00000000000000000000C /* WakeOnLAN.swift */ = {isa = PBXFileReference; lastKnownFileType = sourcecode.swift; path = WakeOnLAN.swift; sourceTree = "<group>"; };
		10A00000000000000000000D /* Assets.xcassets */ = {isa = PBXFileReference; lastKnownFileType = folder.assetcatalog; path = Assets.xcassets; sourceTree = "<group>"; };
		10A00000000000000000000E /* Info.plist */ = {isa = PBXFileReference; lastKnownFileType = text.plist.xml; path = Info.plist; sourceTree = "<group>"; };
		10A00000000000000000000F /* MDC Sender iOS.app */ = {isa = PBXFileReference; explicitFileType = wrapper.application; includeInIndex = 0; path = "MDC Sender iOS.app"; sourceTree = BUILT_PRODUCTS_DIR; };
/* End PBXFileReference section */

/* Begin PBXFrameworksBuildPhase section */
		10A000000000000000000201 /* Frameworks */ = {
			isa = PBXFrameworksBuildPhase;
			buildActionMask = 2147483647;
			files = (
			);
			runOnlyForDeploymentPostprocessing = 0;
		};
/* End PBXFrameworksBuildPhase section */

/* Begin PBXGroup section */
		10A000000000000000000301 = {
			isa = PBXGroup;
			children = (
				10A000000000000000000302 /* MDCSenderiOS */,
				10A000000000000000000303 /* Products */,
			);
			sourceTree = "<group>";
		};
		10A000000000000000000302 /* MDCSenderiOS */ = {
			isa = PBXGroup;
			children = (
				10A000000000000000000001 /* MDCSenderiOSApp.swift */,
				10A000000000000000000002 /* DisplaySettings.swift */,
				10A000000000000000000003 /* SenderModel.swift */,
				10A000000000000000000004 /* DesignSystem.swift */,
				10A000000000000000000005 /* SenderView.swift */,
				10A000000000000000000006 /* SettingsView.swift */,
				10A000000000000000000007 /* ImageRenderer.swift */,
				10A000000000000000000008 /* Manifest.swift */,
				10A000000000000000000009 /* LocalContentServer.swift */,
				10A00000000000000000000A /* LocalNetwork.swift */,
				10A00000000000000000000B /* MDCClient.swift */,
				10A00000000000000000000C /* WakeOnLAN.swift */,
				10A00000000000000000000D /* Assets.xcassets */,
				10A00000000000000000000E /* Info.plist */,
			);
			path = MDCSenderiOS;
			sourceTree = "<group>";
		};
		10A000000000000000000303 /* Products */ = {
			isa = PBXGroup;
			children = (
				10A00000000000000000000F /* MDC Sender iOS.app */,
			);
			name = Products;
			sourceTree = "<group>";
		};
/* End PBXGroup section */

/* Begin PBXNativeTarget section */
		10A000000000000000000401 /* MDC Sender iOS */ = {
			isa = PBXNativeTarget;
			buildConfigurationList = 10A000000000000000000701 /* Build configuration list for PBXNativeTarget "MDC Sender iOS" */;
			buildPhases = (
				10A000000000000000000501 /* Sources */,
				10A000000000000000000201 /* Frameworks */,
				10A000000000000000000502 /* Resources */,
			);
			buildRules = (
			);
			dependencies = (
			);
			name = "MDC Sender iOS";
			productName = "MDC Sender iOS";
			productReference = 10A00000000000000000000F /* MDC Sender iOS.app */;
			productType = "com.apple.product-type.application";
		};
/* End PBXNativeTarget section */

/* Begin PBXProject section */
		10A000000000000000000601 /* Project object */ = {
			isa = PBXProject;
			attributes = {
				BuildIndependentTargetsInParallel = 1;
				LastSwiftUpdateCheck = 2650;
				LastUpgradeCheck = 2650;
				TargetAttributes = {
					10A000000000000000000401 = {
						CreatedOnToolsVersion = 26.5;
					};
				};
			};
			buildConfigurationList = 10A000000000000000000702 /* Build configuration list for PBXProject "MDCSenderiOS" */;
			compatibilityVersion = "Xcode 14.0";
			developmentRegion = en;
			hasScannedForEncodings = 0;
			knownRegions = (
				en,
				Base,
			);
			mainGroup = 10A000000000000000000301;
			productRefGroup = 10A000000000000000000303 /* Products */;
			projectDirPath = "";
			projectRoot = "";
			targets = (
				10A000000000000000000401 /* MDC Sender iOS */,
			);
		};
/* End PBXProject section */

/* Begin PBXResourcesBuildPhase section */
		10A000000000000000000502 /* Resources */ = {
			isa = PBXResourcesBuildPhase;
			buildActionMask = 2147483647;
			files = (
				10A00000000000000000010D /* Assets.xcassets in Resources */,
			);
			runOnlyForDeploymentPostprocessing = 0;
		};
/* End PBXResourcesBuildPhase section */

/* Begin PBXSourcesBuildPhase section */
		10A000000000000000000501 /* Sources */ = {
			isa = PBXSourcesBuildPhase;
			buildActionMask = 2147483647;
			files = (
				10A000000000000000000101 /* MDCSenderiOSApp.swift in Sources */,
				10A000000000000000000102 /* DisplaySettings.swift in Sources */,
				10A000000000000000000103 /* SenderModel.swift in Sources */,
				10A000000000000000000104 /* DesignSystem.swift in Sources */,
				10A000000000000000000105 /* SenderView.swift in Sources */,
				10A000000000000000000106 /* SettingsView.swift in Sources */,
				10A000000000000000000107 /* ImageRenderer.swift in Sources */,
				10A000000000000000000108 /* Manifest.swift in Sources */,
				10A000000000000000000109 /* LocalContentServer.swift in Sources */,
				10A00000000000000000010A /* LocalNetwork.swift in Sources */,
				10A00000000000000000010B /* MDCClient.swift in Sources */,
				10A00000000000000000010C /* WakeOnLAN.swift in Sources */,
			);
			runOnlyForDeploymentPostprocessing = 0;
		};
/* End PBXSourcesBuildPhase section */

/* Begin XCBuildConfiguration section */
		10A000000000000000000801 /* Debug */ = {
			isa = XCBuildConfiguration;
			buildSettings = {
				ALWAYS_SEARCH_USER_PATHS = NO;
				ASSETCATALOG_COMPILER_GENERATE_SWIFT_ASSET_SYMBOL_EXTENSIONS = YES;
				CLANG_ANALYZER_NONNULL = YES;
				CLANG_ANALYZER_NUMBER_OBJECT_CONVERSION = YES_AGGRESSIVE;
				CLANG_CXX_LANGUAGE_STANDARD = "gnu++20";
				CLANG_ENABLE_MODULES = YES;
				CLANG_ENABLE_OBJC_ARC = YES;
				CLANG_ENABLE_OBJC_WEAK = YES;
				CLANG_WARN_BLOCK_CAPTURE_AUTORELEASING = YES;
				CLANG_WARN_BOOL_CONVERSION = YES;
				CLANG_WARN_COMMA = YES;
				CLANG_WARN_CONSTANT_CONVERSION = YES;
				CLANG_WARN_DEPRECATED_OBJC_IMPLEMENTATIONS = YES;
				CLANG_WARN_DIRECT_OBJC_ISA_USAGE = YES_ERROR;
				CLANG_WARN_DOCUMENTATION_COMMENTS = YES;
				CLANG_WARN_EMPTY_BODY = YES;
				CLANG_WARN_ENUM_CONVERSION = YES;
				CLANG_WARN_INFINITE_RECURSION = YES;
				CLANG_WARN_INT_CONVERSION = YES;
				CLANG_WARN_NON_LITERAL_NULL_CONVERSION = YES;
				CLANG_WARN_OBJC_IMPLICIT_RETAIN_SELF = YES;
				CLANG_WARN_OBJC_LITERAL_CONVERSION = YES;
				CLANG_WARN_OBJC_ROOT_CLASS = YES_ERROR;
				CLANG_WARN_QUOTED_INCLUDE_IN_FRAMEWORK_HEADER = YES;
				CLANG_WARN_RANGE_LOOP_ANALYSIS = YES;
				CLANG_WARN_STRICT_PROTOTYPES = YES;
				CLANG_WARN_SUSPICIOUS_MOVE = YES;
				CLANG_WARN_UNGUARDED_AVAILABILITY = YES_AGGRESSIVE;
				CLANG_WARN_UNREACHABLE_CODE = YES;
				CLANG_WARN__DUPLICATE_METHOD_MATCH = YES;
				COPY_PHASE_STRIP = NO;
				DEBUG_INFORMATION_FORMAT = dwarf;
				ENABLE_STRICT_OBJC_MSGSEND = YES;
				ENABLE_TESTABILITY = YES;
				ENABLE_USER_SCRIPT_SANDBOXING = YES;
				GCC_C_LANGUAGE_STANDARD = gnu17;
				GCC_DYNAMIC_NO_PIC = NO;
				GCC_NO_COMMON_BLOCKS = YES;
				GCC_OPTIMIZATION_LEVEL = 0;
				GCC_PREPROCESSOR_DEFINITIONS = (
					"DEBUG=1",
					"$(inherited)",
				);
				GCC_WARN_64_TO_32_BIT_CONVERSION = YES;
				GCC_WARN_ABOUT_RETURN_TYPE = YES_ERROR;
				GCC_WARN_UNDECLARED_SELECTOR = YES;
				GCC_WARN_UNINITIALIZED_AUTOS = YES_AGGRESSIVE;
				GCC_WARN_UNUSED_FUNCTION = YES;
				GCC_WARN_UNUSED_VARIABLE = YES;
				IPHONEOS_DEPLOYMENT_TARGET = 18.0;
				MTL_ENABLE_DEBUG_INFO = INCLUDE_SOURCE;
				MTL_FAST_MATH = YES;
				ONLY_ACTIVE_ARCH = YES;
				SDKROOT = iphoneos;
				SWIFT_ACTIVE_COMPILATION_CONDITIONS = DEBUG;
				SWIFT_OPTIMIZATION_LEVEL = "-Onone";
			};
			name = Debug;
		};
		10A000000000000000000802 /* Release */ = {
			isa = XCBuildConfiguration;
			buildSettings = {
				ALWAYS_SEARCH_USER_PATHS = NO;
				ASSETCATALOG_COMPILER_GENERATE_SWIFT_ASSET_SYMBOL_EXTENSIONS = YES;
				CLANG_ANALYZER_NONNULL = YES;
				CLANG_ANALYZER_NUMBER_OBJECT_CONVERSION = YES_AGGRESSIVE;
				CLANG_CXX_LANGUAGE_STANDARD = "gnu++20";
				CLANG_ENABLE_MODULES = YES;
				CLANG_ENABLE_OBJC_ARC = YES;
				CLANG_ENABLE_OBJC_WEAK = YES;
				CLANG_WARN_BLOCK_CAPTURE_AUTORELEASING = YES;
				CLANG_WARN_BOOL_CONVERSION = YES;
				CLANG_WARN_COMMA = YES;
				CLANG_WARN_CONSTANT_CONVERSION = YES;
				CLANG_WARN_DEPRECATED_OBJC_IMPLEMENTATIONS = YES;
				CLANG_WARN_DIRECT_OBJC_ISA_USAGE = YES_ERROR;
				CLANG_WARN_DOCUMENTATION_COMMENTS = YES;
				CLANG_WARN_EMPTY_BODY = YES;
				CLANG_WARN_ENUM_CONVERSION = YES;
				CLANG_WARN_INFINITE_RECURSION = YES;
				CLANG_WARN_INT_CONVERSION = YES;
				CLANG_WARN_NON_LITERAL_NULL_CONVERSION = YES;
				CLANG_WARN_OBJC_IMPLICIT_RETAIN_SELF = YES;
				CLANG_WARN_OBJC_LITERAL_CONVERSION = YES;
				CLANG_WARN_OBJC_ROOT_CLASS = YES_ERROR;
				CLANG_WARN_QUOTED_INCLUDE_IN_FRAMEWORK_HEADER = YES;
				CLANG_WARN_RANGE_LOOP_ANALYSIS = YES;
				CLANG_WARN_STRICT_PROTOTYPES = YES;
				CLANG_WARN_SUSPICIOUS_MOVE = YES;
				CLANG_WARN_UNGUARDED_AVAILABILITY = YES_AGGRESSIVE;
				CLANG_WARN_UNREACHABLE_CODE = YES;
				CLANG_WARN__DUPLICATE_METHOD_MATCH = YES;
				COPY_PHASE_STRIP = NO;
				DEBUG_INFORMATION_FORMAT = "dwarf-with-dsym";
				ENABLE_NS_ASSERTIONS = NO;
				ENABLE_STRICT_OBJC_MSGSEND = YES;
				ENABLE_USER_SCRIPT_SANDBOXING = YES;
				GCC_C_LANGUAGE_STANDARD = gnu17;
				GCC_NO_COMMON_BLOCKS = YES;
				GCC_WARN_64_TO_32_BIT_CONVERSION = YES;
				GCC_WARN_ABOUT_RETURN_TYPE = YES_ERROR;
				GCC_WARN_UNDECLARED_SELECTOR = YES;
				GCC_WARN_UNINITIALIZED_AUTOS = YES_AGGRESSIVE;
				GCC_WARN_UNUSED_FUNCTION = YES;
				GCC_WARN_UNUSED_VARIABLE = YES;
				IPHONEOS_DEPLOYMENT_TARGET = 18.0;
				MTL_ENABLE_DEBUG_INFO = NO;
				MTL_FAST_MATH = YES;
				SDKROOT = iphoneos;
				SWIFT_COMPILATION_MODE = wholemodule;
				SWIFT_OPTIMIZATION_LEVEL = "-O";
				VALIDATE_PRODUCT = YES;
			};
			name = Release;
		};
		10A000000000000000000803 /* Debug */ = {
			isa = XCBuildConfiguration;
			buildSettings = {
				ASSETCATALOG_COMPILER_APPICON_NAME = AppIcon;
				CODE_SIGN_STYLE = Automatic;
				CURRENT_PROJECT_VERSION = 1;
				DEVELOPMENT_ASSET_PATHS = "";
				DEVELOPMENT_TEAM = CYJQTUCH5F;
				GENERATE_INFOPLIST_FILE = NO;
				INFOPLIST_FILE = MDCSenderiOS/Info.plist;
				LD_RUNPATH_SEARCH_PATHS = (
					"$(inherited)",
					"@executable_path/Frameworks",
				);
				MARKETING_VERSION = 1.0.0;
				PRODUCT_BUNDLE_IDENTIFIER = net.maarten.mdcsender.ios;
				PRODUCT_NAME = "MDC Sender iOS";
				SUPPORTED_PLATFORMS = "iphoneos iphonesimulator";
				SUPPORTS_MACCATALYST = NO;
				SWIFT_EMIT_LOC_STRINGS = YES;
				SWIFT_VERSION = 5.0;
				TARGETED_DEVICE_FAMILY = "1,2";
			};
			name = Debug;
		};
		10A000000000000000000804 /* Release */ = {
			isa = XCBuildConfiguration;
			buildSettings = {
				ASSETCATALOG_COMPILER_APPICON_NAME = AppIcon;
				CODE_SIGN_STYLE = Automatic;
				CURRENT_PROJECT_VERSION = 1;
				DEVELOPMENT_ASSET_PATHS = "";
				DEVELOPMENT_TEAM = CYJQTUCH5F;
				GENERATE_INFOPLIST_FILE = NO;
				INFOPLIST_FILE = MDCSenderiOS/Info.plist;
				LD_RUNPATH_SEARCH_PATHS = (
					"$(inherited)",
					"@executable_path/Frameworks",
				);
				MARKETING_VERSION = 1.0.0;
				PRODUCT_BUNDLE_IDENTIFIER = net.maarten.mdcsender.ios;
				PRODUCT_NAME = "MDC Sender iOS";
				SUPPORTED_PLATFORMS = "iphoneos iphonesimulator";
				SUPPORTS_MACCATALYST = NO;
				SWIFT_EMIT_LOC_STRINGS = YES;
				SWIFT_VERSION = 5.0;
				TARGETED_DEVICE_FAMILY = "1,2";
			};
			name = Release;
		};
/* End XCBuildConfiguration section */

/* Begin XCConfigurationList section */
		10A000000000000000000701 /* Build configuration list for PBXNativeTarget "MDC Sender iOS" */ = {
			isa = XCConfigurationList;
			buildConfigurations = (
				10A000000000000000000803 /* Debug */,
				10A000000000000000000804 /* Release */,
			);
			defaultConfigurationIsVisible = 0;
			defaultConfigurationName = Release;
		};
		10A000000000000000000702 /* Build configuration list for PBXProject "MDCSenderiOS" */ = {
			isa = XCConfigurationList;
			buildConfigurations = (
				10A000000000000000000801 /* Debug */,
				10A000000000000000000802 /* Release */,
			);
			defaultConfigurationIsVisible = 0;
			defaultConfigurationName = Release;
		};
/* End XCConfigurationList section */
	};
	rootObject = 10A000000000000000000601 /* Project object */;
}
